# This file is autogenerated, do not edit; changes may be undone by the next 'dep ensure'.


[[projects]]
  branch = "master"
  digest = "1:882858aad10ea9a5e68ce1dae7855cae7d0f8031c9bcc06b061c9003223d59b7"
  name = "github.com/btcsuite/btcd"
  packages = [
    "btcec",
    "chaincfg",
    "chaincfg/chainhash",
    "txscript",
    "wire",
  ]
  pruneopts = "UT"
  revision = "130ea5bddde33df32b06a1cdb42a6316eb73cff5"

[[projects]]
  branch = "master"
  digest = "1:30d4a548e09bca4a0c77317c58e7407e2a65c15325e944f9c08a7b7992f8a59e"
  name = "github.com/btcsuite/btclog"
  packages = ["."]
  pruneopts = "UT"
  revision = "84c8d2346e9fc8c7b947e243b9c24e6df9fd206a"

[[projects]]
  branch = "master"
  digest = "1:456e40540d5256454d0585141c0338946d552d5dec04ede6bded006509ec4c35"
  name = "github.com/btcsuite/btcutil"
  packages = [
    ".",
    "base58",
    "bech32",
    "hdkeychain",
  ]
  pruneopts = "UT"
  revision = "9e5f4b9a998d263e3ce9c56664a7816001ac8000"

[[projects]]
  branch = "master"
  digest = "1:1fa95129371749532e2ac8b93a0016c549ebe77f25c6fad296b6ee271fae2fd6"
  name = "golang.org/x/crypto"
  packages = ["ripemd160"]
  pruneopts = "UT"
  revision = "9756ffdc24725223350eb3266ffb92590d28f278"

[solve-meta]
  analyzer-name = "dep"
  analyzer-version = 1
  input-imports = [
    "github.com/btcsuite/btcd/btcec",
    "github.com/btcsuite/btcd/chaincfg",
    "github.com/btcsuite/btcd/txscript",
    "github.com/btcsuite/btcd/wire",
    "github.com/btcsuite/btcutil/bech32",
    "github.com/btcsuite/btcutil/hdkeychain",
  ]
  solver-name = "gps-cdcl"
  solver-version = 1
